
Microsoft Visual Studio Solution File, Format Version 12.00
# Visual Studio Version 17
VisualStudioVersion = 17.3.32721.290
MinimumVisualStudioVersion = 10.0.40219.1
Project("{9A19103F-16F7-4668-BE54-9A1E7A4F7556}") = "FixxAPI", "FixxAPI\FixxAPI.csproj", "{F050284E-969F-43CE-8575-188295EF045D}"
EndProject
Project("{9A19103F-16F7-4668-BE54-9A1E7A4F7556}") = "FixxAPI.Tests", "FixxAPI.Tests\FixxAPI.Tests.csproj", "{EC802F78-67BA-4A2C-8FEA-9DF98465C30E}"
EndProject
Global
	GlobalSection(SolutionConfigurationPlatforms) = preSolution
		Debug|Any CPU = Debug|Any CPU
		Release|Any CPU = Release|Any CPU
	EndGlobalSection
	GlobalSection(ProjectConfigurationPlatforms) = postSolution
		{F050284E-969F-43CE-8575-188295EF045D}.Debug|Any CPU.ActiveCfg = Debug|Any CPU
		{F050284E-969F-43CE-8575-188295EF045D}.Debug|Any CPU.Build.0 = Debug|Any CPU
		{F050284E-969F-43CE-8575-188295EF045D}.Release|Any CPU.ActiveCfg = Release|Any CPU
		{F050284E-969F-43CE-8575-188295EF045D}.Release|Any CPU.Build.0 = Release|Any CPU
		{EC802F78-67BA-4A2C-8FEA-9DF98465C30E}.Debug|Any CPU.ActiveCfg = Debug|Any CPU
		{EC802F78-67BA-4A2C-8FEA-9DF98465C30E}.Debug|Any CPU.Build.0 = Debug|Any CPU
		{EC802F78-67BA-4A2C-8FEA-9DF98465C30E}.Release|Any CPU.ActiveCfg = Release|Any CPU
		{EC802F78-67BA-4A2C-8FEA-9DF98465C30E}.Release|Any CPU.Build.0 = Release|Any CPU
	EndGlobalSection
	GlobalSection(SolutionProperties) = preSolution
		HideSolutionNode = FALSE
	EndGlobalSection
	GlobalSection(ExtensibilityGlobals) = postSolution
		SolutionGuid = {AD4BC28B-5008-4B0C-BB2E-690C7CAFB334}
	EndGlobalSection
EndGlobal
